
Microsoft Visual Studio Solution File, Format Version 12.00
# Visual Studio Version 17
VisualStudioVersion = 17.5.002.0
MinimumVisualStudioVersion = 10.0.40219.1
Project("{2150E333-8FDC-42A3-9474-1A3956D46DE8}") = "prepare", "prepare", "{0AA95DE0-8DA8-4EFE-ABED-3848E2CBF918}"
EndProject
Project("{9A19103F-16F7-4668-BE54-9A1E7A4F7556}") = "Learning02", "prepare\Learning02\Learning02.csproj", "{89C0E1D3-C784-4F1E-9D01-FCF9FD57F95C}"
EndProject
Project("{9A19103F-16F7-4668-BE54-9A1E7A4F7556}") = "Learning05", "prepare\Learning05\Learning05.csproj", "{B4C2B891-C1D9-4A78-97E8-1D98EA7FEE9A}"
EndProject
Project("{9A19103F-16F7-4668-BE54-9A1E7A4F7556}") = "Learning04", "prepare\Learning04\Learning04.csproj", "{05A79EB0-6FD6-47D7-9599-4836EE8942E6}"
EndProject
Project("{9A19103F-16F7-4668-BE54-9A1E7A4F7556}") = "Learning03", "prepare\Learning03\Learning03.csproj", "{8E4A8A69-F313-4A14-840E-D735EF806AC2}"
EndProject
Project("{2150E333-8FDC-42A3-9474-1A3956D46DE8}") = "prove", "prove", "{07D7EA97-2C17-4B95-9D0D-CD6FBF2440F6}"
EndProject
Project("{9A19103F-16F7-4668-BE54-9A1E7A4F7556}") = "Develop03", "prove\Develop03\Develop03.csproj", "{7EC4C9BD-D839-45A1-AF52-A96B03F20630}"
EndProject
Project("{9A19103F-16F7-4668-BE54-9A1E7A4F7556}") = "Develop04", "prove\Develop04\Develop04.csproj", "{ACA2499A-F395-472F-A11E-5D510CA180DE}"
EndProject
Project("{9A19103F-16F7-4668-BE54-9A1E7A4F7556}") = "Develop05", "prove\Develop05\Develop05.csproj", "{062AD8D3-2E4F-4B9F-A79A-095507A26009}"
EndProject
Project("{9A19103F-16F7-4668-BE54-9A1E7A4F7556}") = "Develop02", "prove\Develop02\Develop02.csproj", "{5D24FADB-6C0C-486B-81D5-14A48F9FFC78}"
EndProject
Project("{2150E333-8FDC-42A3-9474-1A3956D46DE8}") = "sandbox", "sandbox", "{165C52BD-C9F9-4373-A382-6F21D1C8B61F}"
EndProject
Project("{9A19103F-16F7-4668-BE54-9A1E7A4F7556}") = "Sandbox", "sandbox\Sandbox\Sandbox.csproj", "{397BB19D-ACF3-4947-B85D-B735DD2AC94C}"
EndProject
Project("{2150E333-8FDC-42A3-9474-1A3956D46DE8}") = "final", "final", "{070761DB-2A17-47AE-90A0-C024F7B7C4D3}"
EndProject
Project("{9A19103F-16F7-4668-BE54-9A1E7A4F7556}") = "FinalProject", "final\FinalProject\FinalProject.csproj", "{0C9B4466-0895-40E2-9D8A-0017DC8DCE2F}"
EndProject
Project("{9A19103F-16F7-4668-BE54-9A1E7A4F7556}") = "Foundation1", "final\Foundation1\Foundation1.csproj", "{52232FD5-ACFC-449C-BD62-8867C6020CB4}"
EndProject
Project("{9A19103F-16F7-4668-BE54-9A1E7A4F7556}") = "Foundation4", "final\Foundation4\Foundation4.csproj", "{CBAD6406-89CA-4CAB-98C6-7A3FD26A15BF}"
EndProject
Project("{9A19103F-16F7-4668-BE54-9A1E7A4F7556}") = "Foundation3", "final\Foundation3\Foundation3.csproj", "{E7674C11-BC24-460F-B563-63E2D01A3902}"
EndProject
Project("{9A19103F-16F7-4668-BE54-9A1E7A4F7556}") = "Foundation2", "final\Foundation2\Foundation2.csproj", "{660C6D1C-FBD9-4F55-A7C0-EAC5EEFE7D2A}"
EndProject
Project("{2150E333-8FDC-42A3-9474-1A3956D46DE8}") = "csharp-prep", "csharp-prep", "{FF4B2AE3-8C13-4CFB-BBC4-048C6E7C2CFA}"
EndProject
Project("{9A19103F-16F7-4668-BE54-9A1E7A4F7556}") = "Prep1", "csharp-prep\Prep1\Prep1.csproj", "{0972B889-49B5-490A-9B7C-BF82238662A2}"
EndProject
Project("{9A19103F-16F7-4668-BE54-9A1E7A4F7556}") = "Prep5", "csharp-prep\Prep5\Prep5.csproj", "{388FC969-D3AB-4149-B665-8234538B07A2}"
EndProject
Project("{9A19103F-16F7-4668-BE54-9A1E7A4F7556}") = "Prep2", "csharp-prep\Prep2\Prep2.csproj", "{CACFCE15-DF64-4A2E-B004-896B7DB3A0C0}"
EndProject
Project("{9A19103F-16F7-4668-BE54-9A1E7A4F7556}") = "Prep3", "csharp-prep\Prep3\Prep3.csproj", "{EE9368BF-353F-48FC-BC3F-2B90FCCB6341}"
EndProject
Project("{9A19103F-16F7-4668-BE54-9A1E7A4F7556}") = "Prep4", "csharp-prep\Prep4\Prep4.csproj", "{5B240C07-3FEA-4D9D-BECB-8C61236BD0D5}"
EndProject
Global
	GlobalSection(SolutionConfigurationPlatforms) = preSolution
		Debug|Any CPU = Debug|Any CPU
		Release|Any CPU = Release|Any CPU
	EndGlobalSection
	GlobalSection(ProjectConfigurationPlatforms) = postSolution
		{89C0E1D3-C784-4F1E-9D01-FCF9FD57F95C}.Debug|Any CPU.ActiveCfg = Debug|Any CPU
		{89C0E1D3-C784-4F1E-9D01-FCF9FD57F95C}.Debug|Any CPU.Build.0 = Debug|Any CPU
		{89C0E1D3-C784-4F1E-9D01-FCF9FD57F95C}.Release|Any CPU.ActiveCfg = Release|Any CPU
		{89C0E1D3-C784-4F1E-9D01-FCF9FD57F95C}.Release|Any CPU.Build.0 = Release|Any CPU
		{B4C2B891-C1D9-4A78-97E8-1D98EA7FEE9A}.Debug|Any CPU.ActiveCfg = Debug|Any CPU
		{B4C2B891-C1D9-4A78-97E8-1D98EA7FEE9A}.Debug|Any CPU.Build.0 = Debug|Any CPU
		{B4C2B891-C1D9-4A78-97E8-1D98EA7FEE9A}.Release|Any CPU.ActiveCfg = Release|Any CPU
		{B4C2B891-C1D9-4A78-97E8-1D98EA7FEE9A}.Release|Any CPU.Build.0 = Release|Any CPU
		{05A79EB0-6FD6-47D7-9599-4836EE8942E6}.Debug|Any CPU.ActiveCfg = Debug|Any CPU
		{05A79EB0-6FD6-47D7-9599-4836EE8942E6}.Debug|Any CPU.Build.0 = Debug|Any CPU
		{05A79EB0-6FD6-47D7-9599-4836EE8942E6}.Release|Any CPU.ActiveCfg = Release|Any CPU
		{05A79EB0-6FD6-47D7-9599-4836EE8942E6}.Release|Any CPU.Build.0 = Release|Any CPU
		{8E4A8A69-F313-4A14-840E-D735EF806AC2}.Debug|Any CPU.ActiveCfg = Debug|Any CPU
		{8E4A8A69-F313-4A14-840E-D735EF806AC2}.Debug|Any CPU.Build.0 = Debug|Any CPU
		{8E4A8A69-F313-4A14-840E-D735EF806AC2}.Release|Any CPU.ActiveCfg = Release|Any CPU
		{8E4A8A69-F313-4A14-840E-D735EF806AC2}.Release|Any CPU.Build.0 = Release|Any CPU
		{7EC4C9BD-D839-45A1-AF52-A96B03F20630}.Debug|Any CPU.ActiveCfg = Debug|Any CPU
		{7EC4C9BD-D839-45A1-AF52-A96B03F20630}.Debug|Any CPU.Build.0 = Debug|Any CPU
		{7EC4C9BD-D839-45A1-AF52-A96B03F20630}.Release|Any CPU.ActiveCfg = Release|Any CPU
		{7EC4C9BD-D839-45A1-AF52-A96B03F20630}.Release|Any CPU.Build.0 = Release|Any CPU
		{ACA2499A-F395-472F-A11E-5D510CA180DE}.Debug|Any CPU.ActiveCfg = Debug|Any CPU
		{ACA2499A-F395-472F-A11E-5D510CA180DE}.Debug|Any CPU.Build.0 = Debug|Any CPU
		{ACA2499A-F395-472F-A11E-5D510CA180DE}.Release|Any CPU.ActiveCfg = Release|Any CPU
		{ACA2499A-F395-472F-A11E-5D510CA180DE}.Release|Any CPU.Build.0 = Release|Any CPU
		{062AD8D3-2E4F-4B9F-A79A-095507A26009}.Debug|Any CPU.ActiveCfg = Debug|Any CPU
		{062AD8D3-2E4F-4B9F-A79A-095507A26009}.Debug|Any CPU.Build.0 = Debug|Any CPU
		{062AD8D3-2E4F-4B9F-A79A-095507A26009}.Release|Any CPU.ActiveCfg = Release|Any CPU
		{062AD8D3-2E4F-4B9F-A79A-095507A26009}.Release|Any CPU.Build.0 = Release|Any CPU
		{5D24FADB-6C0C-486B-81D5-14A48F9FFC78}.Debug|Any CPU.ActiveCfg = Debug|Any CPU
		{5D24FADB-6C0C-486B-81D5-14A48F9FFC78}.Debug|Any CPU.Build.0 = Debug|Any CPU
		{5D24FADB-6C0C-486B-81D5-14A48F9FFC78}.Release|Any CPU.ActiveCfg = Release|Any CPU
		{5D24FADB-6C0C-486B-81D5-14A48F9FFC78}.Release|Any CPU.Build.0 = Release|Any CPU
		{397BB19D-ACF3-4947-B85D-B735DD2AC94C}.Debug|Any CPU.ActiveCfg = Debug|Any CPU
		{397BB19D-ACF3-4947-B85D-B735DD2AC94C}.Debug|Any CPU.Build.0 = Debug|Any CPU
		{397BB19D-ACF3-4947-B85D-B735DD2AC94C}.Release|Any CPU.ActiveCfg = Release|Any CPU
		{397BB19D-ACF3-4947-B85D-B735DD2AC94C}.Release|Any CPU.Build.0 = Release|Any CPU
		{0C9B4466-0895-40E2-9D8A-0017DC8DCE2F}.Debug|Any CPU.ActiveCfg = Debug|Any CPU
		{0C9B4466-0895-40E2-9D8A-0017DC8DCE2F}.Debug|Any CPU.Build.0 = Debug|Any CPU
		{0C9B4466-0895-40E2-9D8A-0017DC8DCE2F}.Release|Any CPU.ActiveCfg = Release|Any CPU
		{0C9B4466-0895-40E2-9D8A-0017DC8DCE2F}.Release|Any CPU.Build.0 = Release|Any CPU
		{52232FD5-ACFC-449C-BD62-8867C6020CB4}.Debug|Any CPU.ActiveCfg = Debug|Any CPU
		{52232FD5-ACFC-449C-BD62-8867C6020CB4}.Debug|Any CPU.Build.0 = Debug|Any CPU
		{52232FD5-ACFC-449C-BD62-8867C6020CB4}.Release|Any CPU.ActiveCfg = Release|Any CPU
		{52232FD5-ACFC-449C-BD62-8867C6020CB4}.Release|Any CPU.Build.0 = Release|Any CPU
		{CBAD6406-89CA-4CAB-98C6-7A3FD26A15BF}.Debug|Any CPU.ActiveCfg = Debug|Any CPU
		{CBAD6406-89CA-4CAB-98C6-7A3FD26A15BF}.Debug|Any CPU.Build.0 = Debug|Any CPU
		{CBAD6406-89CA-4CAB-98C6-7A3FD26A15BF}.Release|Any CPU.ActiveCfg = Release|Any CPU
		{CBAD6406-89CA-4CAB-98C6-7A3FD26A15BF}.Release|Any CPU.Build.0 = Release|Any CPU
		{E7674C11-BC24-460F-B563-63E2D01A3902}.Debug|Any CPU.ActiveCfg = Debug|Any CPU
		{E7674C11-BC24-460F-B563-63E2D01A3902}.Debug|Any CPU.Build.0 = Debug|Any CPU
		{E7674C11-BC24-460F-B563-63E2D01A3902}.Release|Any CPU.ActiveCfg = Release|Any CPU
		{E7674C11-BC24-460F-B563-63E2D01A3902}.Release|Any CPU.Build.0 = Release|Any CPU
		{660C6D1C-FBD9-4F55-A7C0-EAC5EEFE7D2A}.Debug|Any CPU.ActiveCfg = Debug|Any CPU
		{660C6D1C-FBD9-4F55-A7C0-EAC5EEFE7D2A}.Debug|Any CPU.Build.0 = Debug|Any CPU
		{660C6D1C-FBD9-4F55-A7C0-EAC5EEFE7D2A}.Release|Any CPU.ActiveCfg = Release|Any CPU
		{660C6D1C-FBD9-4F55-A7C0-EAC5EEFE7D2A}.Release|Any CPU.Build.0 = Release|Any CPU
		{0972B889-49B5-490A-9B7C-BF82238662A2}.Debug|Any CPU.ActiveCfg = Debug|Any CPU
		{0972B889-49B5-490A-9B7C-BF82238662A2}.Debug|Any CPU.Build.0 = Debug|Any CPU
		{0972B889-49B5-490A-9B7C-BF82238662A2}.Release|Any CPU.ActiveCfg = Release|Any CPU
		{0972B889-49B5-490A-9B7C-BF82238662A2}.Release|Any CPU.Build.0 = Release|Any CPU
		{388FC969-D3AB-4149-B665-8234538B07A2}.Debug|Any CPU.ActiveCfg = Debug|Any CPU
		{388FC969-D3AB-4149-B665-8234538B07A2}.Debug|Any CPU.Build.0 = Debug|Any CPU
		{388FC969-D3AB-4149-B665-8234538B07A2}.Release|Any CPU.ActiveCfg = Release|Any CPU
		{388FC969-D3AB-4149-B665-8234538B07A2}.Release|Any CPU.Build.0 = Release|Any CPU
		{CACFCE15-DF64-4A2E-B004-896B7DB3A0C0}.Debug|Any CPU.ActiveCfg = Debug|Any CPU
		{CACFCE15-DF64-4A2E-B004-896B7DB3A0C0}.Debug|Any CPU.Build.0 = Debug|Any CPU
		{CACFCE15-DF64-4A2E-B004-896B7DB3A0C0}.Release|Any CPU.ActiveCfg = Release|Any CPU
		{CACFCE15-DF64-4A2E-B004-896B7DB3A0C0}.Release|Any CPU.Build.0 = Release|Any CPU
		{EE9368BF-353F-48FC-BC3F-2B90FCCB6341}.Debug|Any CPU.ActiveCfg = Debug|Any CPU
		{EE9368BF-353F-48FC-BC3F-2B90FCCB6341}.Debug|Any CPU.Build.0 = Debug|Any CPU
		{EE9368BF-353F-48FC-BC3F-2B90FCCB6341}.Release|Any CPU.ActiveCfg = Release|Any CPU
		{EE9368BF-353F-48FC-BC3F-2B90FCCB6341}.Release|Any CPU.Build.0 = Release|Any CPU
		{5B240C07-3FEA-4D9D-BECB-8C61236BD0D5}.Debug|Any CPU.ActiveCfg = Debug|Any CPU
		{5B240C07-3FEA-4D9D-BECB-8C61236BD0D5}.Debug|Any CPU.Build.0 = Debug|Any CPU
		{5B240C07-3FEA-4D9D-BECB-8C61236BD0D5}.Release|Any CPU.ActiveCfg = Release|Any CPU
		{5B240C07-3FEA-4D9D-BECB-8C61236BD0D5}.Release|Any CPU.Build.0 = Release|Any CPU
	EndGlobalSection
	GlobalSection(SolutionProperties) = preSolution
		HideSolutionNode = FALSE
	EndGlobalSection
	GlobalSection(NestedProjects) = preSolution
		{89C0E1D3-C784-4F1E-9D01-FCF9FD57F95C} = {0AA95DE0-8DA8-4EFE-ABED-3848E2CBF918}
		{B4C2B891-C1D9-4A78-97E8-1D98EA7FEE9A} = {0AA95DE0-8DA8-4EFE-ABED-3848E2CBF918}
		{05A79EB0-6FD6-47D7-9599-4836EE8942E6} = {0AA95DE0-8DA8-4EFE-ABED-3848E2CBF918}
		{8E4A8A69-F313-4A14-840E-D735EF806AC2} = {0AA95DE0-8DA8-4EFE-ABED-3848E2CBF918}
		{7EC4C9BD-D839-45A1-AF52-A96B03F20630} = {07D7EA97-2C17-4B95-9D0D-CD6FBF2440F6}
		{ACA2499A-F395-472F-A11E-5D510CA180DE} = {07D7EA97-2C17-4B95-9D0D-CD6FBF2440F6}
		{062AD8D3-2E4F-4B9F-A79A-095507A26009} = {07D7EA97-2C17-4B95-9D0D-CD6FBF2440F6}
		{5D24FADB-6C0C-486B-81D5-14A48F9FFC78} = {07D7EA97-2C17-4B95-9D0D-CD6FBF2440F6}
		{397BB19D-ACF3-4947-B85D-B735DD2AC94C} = {165C52BD-C9F9-4373-A382-6F21D1C8B61F}
		{0C9B4466-0895-40E2-9D8A-0017DC8DCE2F} = {070761DB-2A17-47AE-90A0-C024F7B7C4D3}
		{52232FD5-ACFC-449C-BD62-8867C6020CB4} = {070761DB-2A17-47AE-90A0-C024F7B7C4D3}
		{CBAD6406-89CA-4CAB-98C6-7A3FD26A15BF} = {070761DB-2A17-47AE-90A0-C024F7B7C4D3}
		{E7674C11-BC24-460F-B563-63E2D01A3902} = {070761DB-2A17-47AE-90A0-C024F7B7C4D3}
		{660C6D1C-FBD9-4F55-A7C0-EAC5EEFE7D2A} = {070761DB-2A17-47AE-90A0-C024F7B7C4D3}
		{0972B889-49B5-490A-9B7C-BF82238662A2} = {FF4B2AE3-8C13-4CFB-BBC4-048C6E7C2CFA}
		{388FC969-D3AB-4149-B665-8234538B07A2} = {FF4B2AE3-8C13-4CFB-BBC4-048C6E7C2CFA}
		{CACFCE15-DF64-4A2E-B004-896B7DB3A0C0} = {FF4B2AE3-8C13-4CFB-BBC4-048C6E7C2CFA}
		{EE9368BF-353F-48FC-BC3F-2B90FCCB6341} = {FF4B2AE3-8C13-4CFB-BBC4-048C6E7C2CFA}
		{5B240C07-3FEA-4D9D-BECB-8C61236BD0D5} = {FF4B2AE3-8C13-4CFB-BBC4-048C6E7C2CFA}
	EndGlobalSection
	GlobalSection(ExtensibilityGlobals) = postSolution
		SolutionGuid = {6E2323EF-CA1D-4454-85FD-42321E196551}
	EndGlobalSection
EndGlobal
